
Microsoft Visual Studio Solution File, Format Version 12.00
# Visual Studio Version 17
VisualStudioVersion = 17.4.33403.182
MinimumVisualStudioVersion = 10.0.40219.1
Project("{FAE04EC0-301F-11D3-BF4B-00C04F79EFBC}") = "RegistrationForm", "RegistrationForm.csproj", "{19A7232C-8351-4410-95C4-4ED644B9D484}"
EndProject
Project("{FAE04EC0-301F-11D3-BF4B-00C04F79EFBC}") = "RegistrationForm.Tests", "..\RegistrationForm.Tests\RegistrationForm.Tests.csproj", "{B82228C0-A589-47A4-9E1B-DE1D6090F1FB}"
EndProject
Global
	GlobalSection(SolutionConfigurationPlatforms) = preSolution
		Debug|Any CPU = Debug|Any CPU
		Release|Any CPU = Release|Any CPU
	EndGlobalSection
	GlobalSection(ProjectConfigurationPlatforms) = postSolution
		{19A7232C-8351-4410-95C4-4ED644B9D484}.Debug|Any CPU.ActiveCfg = Debug|Any CPU
		{19A7232C-8351-4410-95C4-4ED644B9D484}.Debug|Any CPU.Build.0 = Debug|Any CPU
		{19A7232C-8351-4410-95C4-4ED644B9D484}.Release|Any CPU.ActiveCfg = Release|Any CPU
		{19A7232C-8351-4410-95C4-4ED644B9D484}.Release|Any CPU.Build.0 = Release|Any CPU
		{B82228C0-A589-47A4-9E1B-DE1D6090F1FB}.Debug|Any CPU.ActiveCfg = Debug|Any CPU
		{B82228C0-A589-47A4-9E1B-DE1D6090F1FB}.Debug|Any CPU.Build.0 = Debug|Any CPU
		{B82228C0-A589-47A4-9E1B-DE1D6090F1FB}.Release|Any CPU.ActiveCfg = Release|Any CPU
		{B82228C0-A589-47A4-9E1B-DE1D6090F1FB}.Release|Any CPU.Build.0 = Release|Any CPU
	EndGlobalSection
	GlobalSection(SolutionProperties) = preSolution
		HideSolutionNode = FALSE
	EndGlobalSection
	GlobalSection(ExtensibilityGlobals) = postSolution
		SolutionGuid = {FD38C8B8-9D6E-4ADE-8866-F0ECDE329E19}
	EndGlobalSection
EndGlobal
